// !$*UTF8*$!
{
	archiveVersion = 1;
	classes = {
	};
	objectVersion = 48;
	objects = {

/* Begin PBXBuildFile section */
		550126E32052D741001A2E02 /* Enemy.cpp in Sources */ = {isa = PBXBuildFile; fileRef = 550126E12052D741001A2E02 /* Enemy.cpp */; };
		550126E72053C844001A2E02 /* Heal.cpp in Sources */ = {isa = PBXBuildFile; fileRef = 550126E52053C844001A2E02 /* Heal.cpp */; };
		550126EA2053C861001A2E02 /* Entity.cpp in Sources */ = {isa = PBXBuildFile; fileRef = 550126E82053C861001A2E02 /* Entity.cpp */; };
		5522A38E206A4819001102FC /* SRTCT.cpp in Sources */ = {isa = PBXBuildFile; fileRef = 5522A38C206A4819001102FC /* SRTCT.cpp */; };
		554D46AF207A0DFB00989028 /* Menu.cpp in Sources */ = {isa = PBXBuildFile; fileRef = 554D46AD207A0DFB00989028 /* Menu.cpp */; };
		559D259B205E0D0200688B7B /* Player.cpp in Sources */ = {isa = PBXBuildFile; fileRef = 559D2599205E0D0200688B7B /* Player.cpp */; };
		55DC15F52052555F004311AD /* main.cpp in Sources */ = {isa = PBXBuildFile; fileRef = 55DC15F42052555F004311AD /* main.cpp */; };
		55DC160120525617004311AD /* libsfml-graphics.2.4.2.dylib in Frameworks */ = {isa = PBXBuildFile; fileRef = 55DC15FC20525617004311AD /* libsfml-graphics.2.4.2.dylib */; };
		55DC160220525617004311AD /* libsfml-system.2.4.2.dylib in Frameworks */ = {isa = PBXBuildFile; fileRef = 55DC15FD20525617004311AD /* libsfml-system.2.4.2.dylib */; };
		55DC160320525617004311AD /* libsfml-network.2.4.2.dylib in Frameworks */ = {isa = PBXBuildFile; fileRef = 55DC15FE20525617004311AD /* libsfml-network.2.4.2.dylib */; };
		55DC160420525617004311AD /* libsfml-window.2.4.2.dylib in Frameworks */ = {isa = PBXBuildFile; fileRef = 55DC15FF20525617004311AD /* libsfml-window.2.4.2.dylib */; };
		55DC160520525617004311AD /* libsfml-audio.2.4.2.dylib in Frameworks */ = {isa = PBXBuildFile; fileRef = 55DC160020525617004311AD /* libsfml-audio.2.4.2.dylib */; };
/* End PBXBuildFile section */

/* Begin PBXCopyFilesBuildPhase section */
		55DC15EF2052555F004311AD /* CopyFiles */ = {
			isa = PBXCopyFilesBuildPhase;
			buildActionMask = 2147483647;
			dstPath = /usr/share/man/man1/;
			dstSubfolderSpec = 0;
			files = (
			);
			runOnlyForDeploymentPostprocessing = 1;
		};
/* End PBXCopyFilesBuildPhase section */

/* Begin PBXFileReference section */
		550126DF20526649001A2E02 /* Hero.png */ = {isa = PBXFileReference; lastKnownFileType = image.png; name = Hero.png; path = ../../na/na/Hero.png; sourceTree = "<group>"; };
		550126E020527DB1001A2E02 /* sansation.ttf */ = {isa = PBXFileReference; lastKnownFileType = file; name = sansation.ttf; path = prs/Reources/sansation.ttf; sourceTree = SOURCE_ROOT; };
		550126E12052D741001A2E02 /* Enemy.cpp */ = {isa = PBXFileReference; lastKnownFileType = sourcecode.cpp.cpp; path = Enemy.cpp; sourceTree = "<group>"; };
		550126E22052D741001A2E02 /* Enemy.hpp */ = {isa = PBXFileReference; lastKnownFileType = sourcecode.cpp.h; path = Enemy.hpp; sourceTree = "<group>"; };
		550126E52053C844001A2E02 /* Heal.cpp */ = {isa = PBXFileReference; lastKnownFileType = sourcecode.cpp.cpp; path = Heal.cpp; sourceTree = "<group>"; };
		550126E62053C844001A2E02 /* Heal.hpp */ = {isa = PBXFileReference; lastKnownFileType = sourcecode.cpp.h; path = Heal.hpp; sourceTree = "<group>"; };
		550126E82053C861001A2E02 /* Entity.cpp */ = {isa = PBXFileReference; lastKnownFileType = sourcecode.cpp.cpp; path = Entity.cpp; sourceTree = "<group>"; };
		550126E92053C861001A2E02 /* Entity.hpp */ = {isa = PBXFileReference; lastKnownFileType = sourcecode.cpp.h; path = Entity.hpp; sourceTree = "<group>"; };
		550126EC2053EE00001A2E02 /* Grass.png */ = {isa = PBXFileReference; lastKnownFileType = image.png; name = Grass.png; path = prs/Reources/Grass.png; sourceTree = SOURCE_ROOT; };
		550126ED2053F1E0001A2E02 /* Heart.png */ = {isa = PBXFileReference; lastKnownFileType = image.png; name = Heart.png; path = prs/Reources/Heart.png; sourceTree = SOURCE_ROOT; };
		550126EE2053F1E6001A2E02 /* Stone.png */ = {isa = PBXFileReference; lastKnownFileType = image.png; name = Stone.png; path = prs/Reources/Stone.png; sourceTree = SOURCE_ROOT; };
		550126EF2053F464001A2E02 /* Sprites.png */ = {isa = PBXFileReference; lastKnownFileType = image.png; name = Sprites.png; path = prs/Reources/Sprites.png; sourceTree = SOURCE_ROOT; };
		5522A38C206A4819001102FC /* SRTCT.cpp */ = {isa = PBXFileReference; lastKnownFileType = sourcecode.cpp.cpp; path = SRTCT.cpp; sourceTree = "<group>"; };
		5522A38D206A4819001102FC /* SRTCT.hpp */ = {isa = PBXFileReference; lastKnownFileType = sourcecode.cpp.h; path = SRTCT.hpp; sourceTree = "<group>"; };
		554D46AB207A064800989028 /* File.txt */ = {isa = PBXFileReference; lastKnownFileType = text; path = File.txt; sourceTree = "<group>"; };
		554D46AD207A0DFB00989028 /* Menu.cpp */ = {isa = PBXFileReference; lastKnownFileType = sourcecode.cpp.cpp; path = Menu.cpp; sourceTree = "<group>"; };
		554D46AE207A0DFB00989028 /* Menu.hpp */ = {isa = PBXFileReference; lastKnownFileType = sourcecode.cpp.h; path = Menu.hpp; sourceTree = "<group>"; };
		559D2599205E0D0200688B7B /* Player.cpp */ = {isa = PBXFileReference; lastKnownFileType = sourcecode.cpp.cpp; path = Player.cpp; sourceTree = "<group>"; };
		559D259A205E0D0200688B7B /* Player.hpp */ = {isa = PBXFileReference; lastKnownFileType = sourcecode.cpp.h; path = Player.hpp; sourceTree = "<group>"; };
		559D25A2205E103200688B7B /* Hero.png */ = {isa = PBXFileReference; lastKnownFileType = image.png; name = Hero.png; path = ../../../na/na/Hero.png; sourceTree = "<group>"; };
		559D25A3205E103500688B7B /* Hero.png */ = {isa = PBXFileReference; lastKnownFileType = image.png; name = Hero.png; path = ../../../na/na/Hero.png; sourceTree = "<group>"; };
		559D25A5205E105100688B7B /* Hero.png */ = {isa = PBXFileReference; lastKnownFileType = image.png; path = Hero.png; sourceTree = "<group>"; };
		55DC15F12052555F004311AD /* prs */ = {isa = PBXFileReference; explicitFileType = "compiled.mach-o.executable"; includeInIndex = 0; path = prs; sourceTree = BUILT_PRODUCTS_DIR; };
		55DC15F42052555F004311AD /* main.cpp */ = {isa = PBXFileReference; lastKnownFileType = sourcecode.cpp.cpp; path = main.cpp; sourceTree = "<group>"; };
		55DC15FC20525617004311AD /* libsfml-graphics.2.4.2.dylib */ = {isa = PBXFileReference; lastKnownFileType = "compiled.mach-o.dylib"; name = "libsfml-graphics.2.4.2.dylib"; path = "ExternalLibs/sfml/lib/libsfml-graphics.2.4.2.dylib"; sourceTree = "<group>"; };
		55DC15FD20525617004311AD /* libsfml-system.2.4.2.dylib */ = {isa = PBXFileReference; lastKnownFileType = "compiled.mach-o.dylib"; name = "libsfml-system.2.4.2.dylib"; path = "ExternalLibs/sfml/lib/libsfml-system.2.4.2.dylib"; sourceTree = "<group>"; };
		55DC15FE20525617004311AD /* libsfml-network.2.4.2.dylib */ = {isa = PBXFileReference; lastKnownFileType = "compiled.mach-o.dylib"; name = "libsfml-network.2.4.2.dylib"; path = "ExternalLibs/sfml/lib/libsfml-network.2.4.2.dylib"; sourceTree = "<group>"; };
		55DC15FF20525617004311AD /* libsfml-window.2.4.2.dylib */ = {isa = PBXFileReference; lastKnownFileType = "compiled.mach-o.dylib"; name = "libsfml-window.2.4.2.dylib"; path = "ExternalLibs/sfml/lib/libsfml-window.2.4.2.dylib"; sourceTree = "<group>"; };
		55DC160020525617004311AD /* libsfml-audio.2.4.2.dylib */ = {isa = PBXFileReference; lastKnownFileType = "compiled.mach-o.dylib"; name = "libsfml-audio.2.4.2.dylib"; path = "ExternalLibs/sfml/lib/libsfml-audio.2.4.2.dylib"; sourceTree = "<group>"; };
/* End PBXFileReference section */

/* Begin PBXFrameworksBuildPhase section */
		55DC15EE2052555F004311AD /* Frameworks */ = {
			isa = PBXFrameworksBuildPhase;
			buildActionMask = 2147483647;
			files = (
				55DC160120525617004311AD /* libsfml-graphics.2.4.2.dylib in Frameworks */,
				55DC160220525617004311AD /* libsfml-system.2.4.2.dylib in Frameworks */,
				55DC160320525617004311AD /* libsfml-network.2.4.2.dylib in Frameworks */,
				55DC160420525617004311AD /* libsfml-window.2.4.2.dylib in Frameworks */,
				55DC160520525617004311AD /* libsfml-audio.2.4.2.dylib in Frameworks */,
			);
			runOnlyForDeploymentPostprocessing = 0;
		};
/* End PBXFrameworksBuildPhase section */

/* Begin PBXGroup section */
		559D259F205E0FF900688B7B /* HPP */ = {
			isa = PBXGroup;
			children = (
				554D46AE207A0DFB00989028 /* Menu.hpp */,
				550126E62053C844001A2E02 /* Heal.hpp */,
				5522A38D206A4819001102FC /* SRTCT.hpp */,
				559D259A205E0D0200688B7B /* Player.hpp */,
				550126E22052D741001A2E02 /* Enemy.hpp */,
				550126E92053C861001A2E02 /* Entity.hpp */,
			);
			path = HPP;
			sourceTree = "<group>";
		};
		559D25A0205E102000688B7B /* Reources */ = {
			isa = PBXGroup;
			children = (
				550126EF2053F464001A2E02 /* Sprites.png */,
				550126EE2053F1E6001A2E02 /* Stone.png */,
				550126ED2053F1E0001A2E02 /* Heart.png */,
				559D25A2205E103200688B7B /* Hero.png */,
				559D25A3205E103500688B7B /* Hero.png */,
				550126EC2053EE00001A2E02 /* Grass.png */,
				550126E020527DB1001A2E02 /* sansation.ttf */,
			);
			path = Reources;
			sourceTree = "<group>";
		};
		559D25A4205E104800688B7B /* CPP */ = {
			isa = PBXGroup;
			children = (
				55DC15F42052555F004311AD /* main.cpp */,
				559D2599205E0D0200688B7B /* Player.cpp */,
				559D25A5205E105100688B7B /* Hero.png */,
				550126E12052D741001A2E02 /* Enemy.cpp */,
				550126E52053C844001A2E02 /* Heal.cpp */,
				550126E82053C861001A2E02 /* Entity.cpp */,
				5522A38C206A4819001102FC /* SRTCT.cpp */,
				554D46AB207A064800989028 /* File.txt */,
				554D46AD207A0DFB00989028 /* Menu.cpp */,
			);
			path = CPP;
			sourceTree = "<group>";
		};
		55DC15E82052555F004311AD = {
			isa = PBXGroup;
			children = (
				55DC15F32052555F004311AD /* prs */,
				55DC15F22052555F004311AD /* Products */,
				55DC15FB20525617004311AD /* Frameworks */,
			);
			sourceTree = "<group>";
		};
		55DC15F22052555F004311AD /* Products */ = {
			isa = PBXGroup;
			children = (
				55DC15F12052555F004311AD /* prs */,
			);
			name = Products;
			sourceTree = "<group>";
		};
		55DC15F32052555F004311AD /* prs */ = {
			isa = PBXGroup;
			children = (
				559D25A4205E104800688B7B /* CPP */,
				559D25A0205E102000688B7B /* Reources */,
				559D259F205E0FF900688B7B /* HPP */,
				550126DF20526649001A2E02 /* Hero.png */,
			);
			path = prs;
			sourceTree = "<group>";
		};
		55DC15FB20525617004311AD /* Frameworks */ = {
			isa = PBXGroup;
			children = (
				55DC160020525617004311AD /* libsfml-audio.2.4.2.dylib */,
				55DC15FC20525617004311AD /* libsfml-graphics.2.4.2.dylib */,
				55DC15FE20525617004311AD /* libsfml-network.2.4.2.dylib */,
				55DC15FD20525617004311AD /* libsfml-system.2.4.2.dylib */,
				55DC15FF20525617004311AD /* libsfml-window.2.4.2.dylib */,
			);
			name = Frameworks;
			sourceTree = "<group>";
		};
/* End PBXGroup section */

/* Begin PBXNativeTarget section */
		55DC15F02052555F004311AD /* prs */ = {
			isa = PBXNativeTarget;
			buildConfigurationList = 55DC15F82052555F004311AD /* Build configuration list for PBXNativeTarget "prs" */;
			buildPhases = (
				55DC15ED2052555F004311AD /* Sources */,
				55DC15EE2052555F004311AD /* Frameworks */,
				55DC15EF2052555F004311AD /* CopyFiles */,
			);
			buildRules = (
			);
			dependencies = (
			);
			name = prs;
			productName = prs;
			productReference = 55DC15F12052555F004311AD /* prs */;
			productType = "com.apple.product-type.tool";
		};
/* End PBXNativeTarget section */

/* Begin PBXProject section */
		55DC15E92052555F004311AD /* Project object */ = {
			isa = PBXProject;
			attributes = {
				LastUpgradeCheck = 0920;
				ORGANIZATIONNAME = "Николай Костин";
				TargetAttributes = {
					55DC15F02052555F004311AD = {
						CreatedOnToolsVersion = 9.2;
						ProvisioningStyle = Automatic;
					};
				};
			};
			buildConfigurationList = 55DC15EC2052555F004311AD /* Build configuration list for PBXProject "prs" */;
			compatibilityVersion = "Xcode 8.0";
			developmentRegion = en;
			hasScannedForEncodings = 0;
			knownRegions = (
				en,
			);
			mainGroup = 55DC15E82052555F004311AD;
			productRefGroup = 55DC15F22052555F004311AD /* Products */;
			projectDirPath = "";
			projectRoot = "";
			targets = (
				55DC15F02052555F004311AD /* prs */,
			);
		};
/* End PBXProject section */

/* Begin PBXSourcesBuildPhase section */
		55DC15ED2052555F004311AD /* Sources */ = {
			isa = PBXSourcesBuildPhase;
			buildActionMask = 2147483647;
			files = (
				5522A38E206A4819001102FC /* SRTCT.cpp in Sources */,
				550126EA2053C861001A2E02 /* Entity.cpp in Sources */,
				550126E72053C844001A2E02 /* Heal.cpp in Sources */,
				550126E32052D741001A2E02 /* Enemy.cpp in Sources */,
				554D46AF207A0DFB00989028 /* Menu.cpp in Sources */,
				55DC15F52052555F004311AD /* main.cpp in Sources */,
				559D259B205E0D0200688B7B /* Player.cpp in Sources */,
			);
			runOnlyForDeploymentPostprocessing = 0;
		};
/* End PBXSourcesBuildPhase section */

/* Begin XCBuildConfiguration section */
		55DC15F62052555F004311AD /* Debug */ = {
			isa = XCBuildConfiguration;
			buildSettings = {
				ALWAYS_SEARCH_USER_PATHS = NO;
				CLANG_ANALYZER_NONNULL = YES;
				CLANG_ANALYZER_NUMBER_OBJECT_CONVERSION = YES_AGGRESSIVE;
				CLANG_CXX_LANGUAGE_STANDARD = "gnu++14";
				CLANG_CXX_LIBRARY = "libc++";
				CLANG_ENABLE_MODULES = YES;
				CLANG_ENABLE_OBJC_ARC = YES;
				CLANG_WARN_BLOCK_CAPTURE_AUTORELEASING = YES;
				CLANG_WARN_BOOL_CONVERSION = YES;
				CLANG_WARN_COMMA = YES;
				CLANG_WARN_CONSTANT_CONVERSION = YES;
				CLANG_WARN_DIRECT_OBJC_ISA_USAGE = YES_ERROR;
				CLANG_WARN_DOCUMENTATION_COMMENTS = YES;
				CLANG_WARN_EMPTY_BODY = YES;
				CLANG_WARN_ENUM_CONVERSION = YES;
				CLANG_WARN_INFINITE_RECURSION = YES;
				CLANG_WARN_INT_CONVERSION = YES;
				CLANG_WARN_NON_LITERAL_NULL_CONVERSION = YES;
				CLANG_WARN_OBJC_LITERAL_CONVERSION = YES;
				CLANG_WARN_OBJC_ROOT_CLASS = YES_ERROR;
				CLANG_WARN_RANGE_LOOP_ANALYSIS = YES;
				CLANG_WARN_STRICT_PROTOTYPES = YES;
				CLANG_WARN_SUSPICIOUS_MOVE = YES;
				CLANG_WARN_UNGUARDED_AVAILABILITY = YES_AGGRESSIVE;
				CLANG_WARN_UNREACHABLE_CODE = YES;
				CLANG_WARN__DUPLICATE_METHOD_MATCH = YES;
				CODE_SIGN_IDENTITY = "-";
				COPY_PHASE_STRIP = NO;
				DEBUG_INFORMATION_FORMAT = dwarf;
				ENABLE_STRICT_OBJC_MSGSEND = YES;
				ENABLE_TESTABILITY = YES;
				GCC_C_LANGUAGE_STANDARD = gnu11;
				GCC_DYNAMIC_NO_PIC = NO;
				GCC_NO_COMMON_BLOCKS = YES;
				GCC_OPTIMIZATION_LEVEL = 0;
				GCC_PREPROCESSOR_DEFINITIONS = (
					"DEBUG=1",
					"$(inherited)",
				);
				GCC_WARN_64_TO_32_BIT_CONVERSION = YES;
				GCC_WARN_ABOUT_RETURN_TYPE = YES_ERROR;
				GCC_WARN_UNDECLARED_SELECTOR = YES;
				GCC_WARN_UNINITIALIZED_AUTOS = YES_AGGRESSIVE;
				GCC_WARN_UNUSED_FUNCTION = YES;
				GCC_WARN_UNUSED_VARIABLE = YES;
				MACOSX_DEPLOYMENT_TARGET = 10.12;
				MTL_ENABLE_DEBUG_INFO = YES;
				ONLY_ACTIVE_ARCH = YES;
				SDKROOT = macosx;
			};
			name = Debug;
		};
		55DC15F72052555F004311AD /* Release */ = {
			isa = XCBuildConfiguration;
			buildSettings = {
				ALWAYS_SEARCH_USER_PATHS = NO;
				CLANG_ANALYZER_NONNULL = YES;
				CLANG_ANALYZER_NUMBER_OBJECT_CONVERSION = YES_AGGRESSIVE;
				CLANG_CXX_LANGUAGE_STANDARD = "gnu++14";
				CLANG_CXX_LIBRARY = "libc++";
				CLANG_ENABLE_MODULES = YES;
				CLANG_ENABLE_OBJC_ARC = YES;
				CLANG_WARN_BLOCK_CAPTURE_AUTORELEASING = YES;
				CLANG_WARN_BOOL_CONVERSION = YES;
				CLANG_WARN_COMMA = YES;
				CLANG_WARN_CONSTANT_CONVERSION = YES;
				CLANG_WARN_DIRECT_OBJC_ISA_USAGE = YES_ERROR;
				CLANG_WARN_DOCUMENTATION_COMMENTS = YES;
				CLANG_WARN_EMPTY_BODY = YES;
				CLANG_WARN_ENUM_CONVERSION = YES;
				CLANG_WARN_INFINITE_RECURSION = YES;
				CLANG_WARN_INT_CONVERSION = YES;
				CLANG_WARN_NON_LITERAL_NULL_CONVERSION = YES;
				CLANG_WARN_OBJC_LITERAL_CONVERSION = YES;
				CLANG_WARN_OBJC_ROOT_CLASS = YES_ERROR;
				CLANG_WARN_RANGE_LOOP_ANALYSIS = YES;
				CLANG_WARN_STRICT_PROTOTYPES = YES;
				CLANG_WARN_SUSPICIOUS_MOVE = YES;
				CLANG_WARN_UNGUARDED_AVAILABILITY = YES_AGGRESSIVE;
				CLANG_WARN_UNREACHABLE_CODE = YES;
				CLANG_WARN__DUPLICATE_METHOD_MATCH = YES;
				CODE_SIGN_IDENTITY = "-";
				COPY_PHASE_STRIP = NO;
				DEBUG_INFORMATION_FORMAT = "dwarf-with-dsym";
				ENABLE_NS_ASSERTIONS = NO;
				ENABLE_STRICT_OBJC_MSGSEND = YES;
				GCC_C_LANGUAGE_STANDARD = gnu11;
				GCC_NO_COMMON_BLOCKS = YES;
				GCC_WARN_64_TO_32_BIT_CONVERSION = YES;
				GCC_WARN_ABOUT_RETURN_TYPE = YES_ERROR;
				GCC_WARN_UNDECLARED_SELECTOR = YES;
				GCC_WARN_UNINITIALIZED_AUTOS = YES_AGGRESSIVE;
				GCC_WARN_UNUSED_FUNCTION = YES;
				GCC_WARN_UNUSED_VARIABLE = YES;
				MACOSX_DEPLOYMENT_TARGET = 10.12;
				MTL_ENABLE_DEBUG_INFO = NO;
				SDKROOT = macosx;
			};
			name = Release;
		};
		55DC15F92052555F004311AD /* Debug */ = {
			isa = XCBuildConfiguration;
			buildSettings = {
				CODE_SIGN_STYLE = Automatic;
				HEADER_SEARCH_PATHS = "$(SRCROOT)/ExternalLibs/sfml/include";
				LIBRARY_SEARCH_PATHS = (
					"$(inherited)",
					"$(PROJECT_DIR)/ExternalLibs/sfml/lib",
				);
				PRODUCT_NAME = "$(TARGET_NAME)";
			};
			name = Debug;
		};
		55DC15FA2052555F004311AD /* Release */ = {
			isa = XCBuildConfiguration;
			buildSettings = {
				CODE_SIGN_STYLE = Automatic;
				HEADER_SEARCH_PATHS = "$(SRCROOT)/ExternalLibs/sfml/include";
				LIBRARY_SEARCH_PATHS = (
					"$(inherited)",
					"$(PROJECT_DIR)/ExternalLibs/sfml/lib",
				);
				PRODUCT_NAME = "$(TARGET_NAME)";
			};
			name = Release;
		};
/* End XCBuildConfiguration section */

/* Begin XCConfigurationList section */
		55DC15EC2052555F004311AD /* Build configuration list for PBXProject "prs" */ = {
			isa = XCConfigurationList;
			buildConfigurations = (
				55DC15F62052555F004311AD /* Debug */,
				55DC15F72052555F004311AD /* Release */,
			);
			defaultConfigurationIsVisible = 0;
			defaultConfigurationName = Release;
		};
		55DC15F82052555F004311AD /* Build configuration list for PBXNativeTarget "prs" */ = {
			isa = XCConfigurationList;
			buildConfigurations = (
				55DC15F92052555F004311AD /* Debug */,
				55DC15FA2052555F004311AD /* Release */,
			);
			defaultConfigurationIsVisible = 0;
			defaultConfigurationName = Release;
		};
/* End XCConfigurationList section */
	};
	rootObject = 55DC15E92052555F004311AD /* Project object */;
}
